// !$*UTF8*$!
{
	archiveVersion = 1;
	classes = {
	};
	objectVersion = 46;
	objects = {

/* Begin PBXBuildFile section */
		033B8317595A1CF7CD92C78F /* Pods_BarberShop.framework in Frameworks */ = {isa = PBXBuildFile; fileRef = 8652EC0941BFE84FFB07F65F /* Pods_BarberShop.framework */; };
		508E766D1EE6DD3F00C5CC3D /* BWWalkthroughPageViewController.swift in Sources */ = {isa = PBXBuildFile; fileRef = 508E766B1EE6DD3F00C5CC3D /* BWWalkthroughPageViewController.swift */; };
		508E766E1EE6DD3F00C5CC3D /* BWWalkthroughViewController.swift in Sources */ = {isa = PBXBuildFile; fileRef = 508E766C1EE6DD3F00C5CC3D /* BWWalkthroughViewController.swift */; };
		508E76701EE6E2E800C5CC3D /* ViewControllerPrestation.swift in Sources */ = {isa = PBXBuildFile; fileRef = 508E766F1EE6E2E800C5CC3D /* ViewControllerPrestation.swift */; };
		50B30FF21EC1D6640032AAB9 /* AppDelegate.swift in Sources */ = {isa = PBXBuildFile; fileRef = 50B30FF11EC1D6640032AAB9 /* AppDelegate.swift */; };
		50B30FF41EC1D6640032AAB9 /* ViewController.swift in Sources */ = {isa = PBXBuildFile; fileRef = 50B30FF31EC1D6640032AAB9 /* ViewController.swift */; };
		50B30FF71EC1D6640032AAB9 /* Main.storyboard in Resources */ = {isa = PBXBuildFile; fileRef = 50B30FF51EC1D6640032AAB9 /* Main.storyboard */; };
		50B30FF91EC1D6640032AAB9 /* Assets.xcassets in Resources */ = {isa = PBXBuildFile; fileRef = 50B30FF81EC1D6640032AAB9 /* Assets.xcassets */; };
		50B30FFC1EC1D6640032AAB9 /* LaunchScreen.storyboard in Resources */ = {isa = PBXBuildFile; fileRef = 50B30FFA1EC1D6640032AAB9 /* LaunchScreen.storyboard */; };
		50B310071EC1D6640032AAB9 /* BarberShopTests.swift in Sources */ = {isa = PBXBuildFile; fileRef = 50B310061EC1D6640032AAB9 /* BarberShopTests.swift */; };
		50B310121EC1D6640032AAB9 /* BarberShopUITests.swift in Sources */ = {isa = PBXBuildFile; fileRef = 50B310111EC1D6640032AAB9 /* BarberShopUITests.swift */; };
		50B310201EC203B70032AAB9 /* MapKit.framework in Frameworks */ = {isa = PBXBuildFile; fileRef = 50B3101F1EC203B70032AAB9 /* MapKit.framework */; };
		50B310221EC206480032AAB9 /* PinAnnotation.swift in Sources */ = {isa = PBXBuildFile; fileRef = 50B310211EC206480032AAB9 /* PinAnnotation.swift */; };
		50B310241EC217050032AAB9 /* ViewControllerHome.swift in Sources */ = {isa = PBXBuildFile; fileRef = 50B310231EC217050032AAB9 /* ViewControllerHome.swift */; };
		50DD1CB61ED9ACA500C30B3C /* TableViewControllerNav.swift in Sources */ = {isa = PBXBuildFile; fileRef = 50DD1CB51ED9ACA500C30B3C /* TableViewControllerNav.swift */; };
		F3BF32C01134739EB7374F80 /* Pods_BarberShopUITests.framework in Frameworks */ = {isa = PBXBuildFile; fileRef = DEEB244C8D6F7BB2DE817355 /* Pods_BarberShopUITests.framework */; };
		F6E2E2CC772F9FBE558F6870 /* Pods_BarberShopTests.framework in Frameworks */ = {isa = PBXBuildFile; fileRef = 7428D22B7E6F4A310290837C /* Pods_BarberShopTests.framework */; };
/* End PBXBuildFile section */

/* Begin PBXContainerItemProxy section */
		50B310031EC1D6640032AAB9 /* PBXContainerItemProxy */ = {
			isa = PBXContainerItemProxy;
			containerPortal = 50B30FE61EC1D6640032AAB9 /* Project object */;
			proxyType = 1;
			remoteGlobalIDString = 50B30FED1EC1D6640032AAB9;
			remoteInfo = BarberShop;
		};
		50B3100E1EC1D6640032AAB9 /* PBXContainerItemProxy */ = {
			isa = PBXContainerItemProxy;
			containerPortal = 50B30FE61EC1D6640032AAB9 /* Project object */;
			proxyType = 1;
			remoteGlobalIDString = 50B30FED1EC1D6640032AAB9;
			remoteInfo = BarberShop;
		};
/* End PBXContainerItemProxy section */

/* Begin PBXFileReference section */
		1A802E319F1370902A14CDC3 /* Pods-BarberShop.release.xcconfig */ = {isa = PBXFileReference; includeInIndex = 1; lastKnownFileType = text.xcconfig; name = "Pods-BarberShop.release.xcconfig"; path = "Pods/Target Support Files/Pods-BarberShop/Pods-BarberShop.release.xcconfig"; sourceTree = "<group>"; };
		4AE9C7EC1ABC32C54C5D1D3E /* Pods-BarberShop.debug.xcconfig */ = {isa = PBXFileReference; includeInIndex = 1; lastKnownFileType = text.xcconfig; name = "Pods-BarberShop.debug.xcconfig"; path = "Pods/Target Support Files/Pods-BarberShop/Pods-BarberShop.debug.xcconfig"; sourceTree = "<group>"; };
		508E766B1EE6DD3F00C5CC3D /* BWWalkthroughPageViewController.swift */ = {isa = PBXFileReference; fileEncoding = 4; lastKnownFileType = sourcecode.swift; path = BWWalkthroughPageViewController.swift; sourceTree = "<group>"; };
		508E766C1EE6DD3F00C5CC3D /* BWWalkthroughViewController.swift */ = {isa = PBXFileReference; fileEncoding = 4; lastKnownFileType = sourcecode.swift; path = BWWalkthroughViewController.swift; sourceTree = "<group>"; };
		508E766F1EE6E2E800C5CC3D /* ViewControllerPrestation.swift */ = {isa = PBXFileReference; fileEncoding = 4; lastKnownFileType = sourcecode.swift; path = ViewControllerPrestation.swift; sourceTree = "<group>"; };
		50B30FEE1EC1D6640032AAB9 /* BarberShop.app */ = {isa = PBXFileReference; explicitFileType = wrapper.application; includeInIndex = 0; path = BarberShop.app; sourceTree = BUILT_PRODUCTS_DIR; };
		50B30FF11EC1D6640032AAB9 /* AppDelegate.swift */ = {isa = PBXFileReference; lastKnownFileType = sourcecode.swift; path = AppDelegate.swift; sourceTree = "<group>"; };
		50B30FF31EC1D6640032AAB9 /* ViewController.swift */ = {isa = PBXFileReference; lastKnownFileType = sourcecode.swift; path = ViewController.swift; sourceTree = "<group>"; };
		50B30FF61EC1D6640032AAB9 /* Base */ = {isa = PBXFileReference; lastKnownFileType = file.storyboard; name = Base; path = Base.lproj/Main.storyboard; sourceTree = "<group>"; };
		50B30FF81EC1D6640032AAB9 /* Assets.xcassets */ = {isa = PBXFileReference; lastKnownFileType = folder.assetcatalog; path = Assets.xcassets; sourceTree = "<group>"; };
		50B30FFB1EC1D6640032AAB9 /* Base */ = {isa = PBXFileReference; lastKnownFileType = file.storyboard; name = Base; path = Base.lproj/LaunchScreen.storyboard; sourceTree = "<group>"; };
		50B30FFD1EC1D6640032AAB9 /* Info.plist */ = {isa = PBXFileReference; lastKnownFileType = text.plist.xml; path = Info.plist; sourceTree = "<group>"; };
		50B310021EC1D6640032AAB9 /* BarberShopTests.xctest */ = {isa = PBXFileReference; explicitFileType = wrapper.cfbundle; includeInIndex = 0; path = BarberShopTests.xctest; sourceTree = BUILT_PRODUCTS_DIR; };
		50B310061EC1D6640032AAB9 /* BarberShopTests.swift */ = {isa = PBXFileReference; lastKnownFileType = sourcecode.swift; path = BarberShopTests.swift; sourceTree = "<group>"; };
		50B310081EC1D6640032AAB9 /* Info.plist */ = {isa = PBXFileReference; lastKnownFileType = text.plist.xml; path = Info.plist; sourceTree = "<group>"; };
		50B3100D1EC1D6640032AAB9 /* BarberShopUITests.xctest */ = {isa = PBXFileReference; explicitFileType = wrapper.cfbundle; includeInIndex = 0; path = BarberShopUITests.xctest; sourceTree = BUILT_PRODUCTS_DIR; };
		50B310111EC1D6640032AAB9 /* BarberShopUITests.swift */ = {isa = PBXFileReference; lastKnownFileType = sourcecode.swift; path = BarberShopUITests.swift; sourceTree = "<group>"; };
		50B310131EC1D6640032AAB9 /* Info.plist */ = {isa = PBXFileReference; lastKnownFileType = text.plist.xml; path = Info.plist; sourceTree = "<group>"; };
		50B3101F1EC203B70032AAB9 /* MapKit.framework */ = {isa = PBXFileReference; lastKnownFileType = wrapper.framework; name = MapKit.framework; path = System/Library/Frameworks/MapKit.framework; sourceTree = SDKROOT; };
		50B310211EC206480032AAB9 /* PinAnnotation.swift */ = {isa = PBXFileReference; fileEncoding = 4; lastKnownFileType = sourcecode.swift; path = PinAnnotation.swift; sourceTree = "<group>"; };
		50B310231EC217050032AAB9 /* ViewControllerHome.swift */ = {isa = PBXFileReference; fileEncoding = 4; lastKnownFileType = sourcecode.swift; path = ViewControllerHome.swift; sourceTree = "<group>"; };
		50DD1CB51ED9ACA500C30B3C /* TableViewControllerNav.swift */ = {isa = PBXFileReference; fileEncoding = 4; lastKnownFileType = sourcecode.swift; path = TableViewControllerNav.swift; sourceTree = "<group>"; };
		7428D22B7E6F4A310290837C /* Pods_BarberShopTests.framework */ = {isa = PBXFileReference; explicitFileType = wrapper.framework; includeInIndex = 0; path = Pods_BarberShopTests.framework; sourceTree = BUILT_PRODUCTS_DIR; };
		76692779420A2DBCC20AFABE /* Pods-BarberShopTests.debug.xcconfig */ = {isa = PBXFileReference; includeInIndex = 1; lastKnownFileType = text.xcconfig; name = "Pods-BarberShopTests.debug.xcconfig"; path = "Pods/Target Support Files/Pods-BarberShopTests/Pods-BarberShopTests.debug.xcconfig"; sourceTree = "<group>"; };
		8652EC0941BFE84FFB07F65F /* Pods_BarberShop.framework */ = {isa = PBXFileReference; explicitFileType = wrapper.framework; includeInIndex = 0; path = Pods_BarberShop.framework; sourceTree = BUILT_PRODUCTS_DIR; };
		9B65B3954FB0D97315CAA41D /* Pods-BarberShopUITests.release.xcconfig */ = {isa = PBXFileReference; includeInIndex = 1; lastKnownFileType = text.xcconfig; name = "Pods-BarberShopUITests.release.xcconfig"; path = "Pods/Target Support Files/Pods-BarberShopUITests/Pods-BarberShopUITests.release.xcconfig"; sourceTree = "<group>"; };
		DDA6D25F0E1162E9F5972145 /* Pods-BarberShopUITests.debug.xcconfig */ = {isa = PBXFileReference; includeInIndex = 1; lastKnownFileType = text.xcconfig; name = "Pods-BarberShopUITests.debug.xcconfig"; path = "Pods/Target Support Files/Pods-BarberShopUITests/Pods-BarberShopUITests.debug.xcconfig"; sourceTree = "<group>"; };
		DEEB244C8D6F7BB2DE817355 /* Pods_BarberShopUITests.framework */ = {isa = PBXFileReference; explicitFileType = wrapper.framework; includeInIndex = 0; path = Pods_BarberShopUITests.framework; sourceTree = BUILT_PRODUCTS_DIR; };
		F731F8516AD73A8418FC5354 /* Pods-BarberShopTests.release.xcconfig */ = {isa = PBXFileReference; includeInIndex = 1; lastKnownFileType = text.xcconfig; name = "Pods-BarberShopTests.release.xcconfig"; path = "Pods/Target Support Files/Pods-BarberShopTests/Pods-BarberShopTests.release.xcconfig"; sourceTree = "<group>"; };
/* End PBXFileReference section */

/* Begin PBXFrameworksBuildPhase section */
		50B30FEB1EC1D6640032AAB9 /* Frameworks */ = {
			isa = PBXFrameworksBuildPhase;
			buildActionMask = 2147483647;
			files = (
				50B310201EC203B70032AAB9 /* MapKit.framework in Frameworks */,
				033B8317595A1CF7CD92C78F /* Pods_BarberShop.framework in Frameworks */,
			);
			runOnlyForDeploymentPostprocessing = 0;
		};
		50B30FFF1EC1D6640032AAB9 /* Frameworks */ = {
			isa = PBXFrameworksBuildPhase;
			buildActionMask = 2147483647;
			files = (
				F6E2E2CC772F9FBE558F6870 /* Pods_BarberShopTests.framework in Frameworks */,
			);
			runOnlyForDeploymentPostprocessing = 0;
		};
		50B3100A1EC1D6640032AAB9 /* Frameworks */ = {
			isa = PBXFrameworksBuildPhase;
			buildActionMask = 2147483647;
			files = (
				F3BF32C01134739EB7374F80 /* Pods_BarberShopUITests.framework in Frameworks */,
			);
			runOnlyForDeploymentPostprocessing = 0;
		};
/* End PBXFrameworksBuildPhase section */

/* Begin PBXGroup section */
		50B30FE51EC1D6640032AAB9 = {
			isa = PBXGroup;
			children = (
				50B30FF01EC1D6640032AAB9 /* BarberShop */,
				50B310051EC1D6640032AAB9 /* BarberShopTests */,
				50B310101EC1D6640032AAB9 /* BarberShopUITests */,
				50B30FEF1EC1D6640032AAB9 /* Products */,
				FF8AACD2108D9FCB7D138C82 /* Pods */,
				8A323261828F7E09D5733B59 /* Frameworks */,
			);
			sourceTree = "<group>";
		};
		50B30FEF1EC1D6640032AAB9 /* Products */ = {
			isa = PBXGroup;
			children = (
				50B30FEE1EC1D6640032AAB9 /* BarberShop.app */,
				50B310021EC1D6640032AAB9 /* BarberShopTests.xctest */,
				50B3100D1EC1D6640032AAB9 /* BarberShopUITests.xctest */,
			);
			name = Products;
			sourceTree = "<group>";
		};
		50B30FF01EC1D6640032AAB9 /* BarberShop */ = {
			isa = PBXGroup;
			children = (
				50B30FF11EC1D6640032AAB9 /* AppDelegate.swift */,
				50B30FF31EC1D6640032AAB9 /* ViewController.swift */,
				50B310231EC217050032AAB9 /* ViewControllerHome.swift */,
				50DD1CB51ED9ACA500C30B3C /* TableViewControllerNav.swift */,
				508E766F1EE6E2E800C5CC3D /* ViewControllerPrestation.swift */,
				50B310211EC206480032AAB9 /* PinAnnotation.swift */,
				508E766B1EE6DD3F00C5CC3D /* BWWalkthroughPageViewController.swift */,
				508E766C1EE6DD3F00C5CC3D /* BWWalkthroughViewController.swift */,
				50B30FF51EC1D6640032AAB9 /* Main.storyboard */,
				50B30FF81EC1D6640032AAB9 /* Assets.xcassets */,
				50B30FFA1EC1D6640032AAB9 /* LaunchScreen.storyboard */,
				50B30FFD1EC1D6640032AAB9 /* Info.plist */,
			);
			path = BarberShop;
			sourceTree = "<group>";
		};
		50B310051EC1D6640032AAB9 /* BarberShopTests */ = {
			isa = PBXGroup;
			children = (
				50B310061EC1D6640032AAB9 /* BarberShopTests.swift */,
				50B310081EC1D6640032AAB9 /* Info.plist */,
			);
			path = BarberShopTests;
			sourceTree = "<group>";
		};
		50B310101EC1D6640032AAB9 /* BarberShopUITests */ = {
			isa = PBXGroup;
			children = (
				50B310111EC1D6640032AAB9 /* BarberShopUITests.swift */,
				50B310131EC1D6640032AAB9 /* Info.plist */,
			);
			path = BarberShopUITests;
			sourceTree = "<group>";
		};
		8A323261828F7E09D5733B59 /* Frameworks */ = {
			isa = PBXGroup;
			children = (
				50B3101F1EC203B70032AAB9 /* MapKit.framework */,
				8652EC0941BFE84FFB07F65F /* Pods_BarberShop.framework */,
				7428D22B7E6F4A310290837C /* Pods_BarberShopTests.framework */,
				DEEB244C8D6F7BB2DE817355 /* Pods_BarberShopUITests.framework */,
			);
			name = Frameworks;
			sourceTree = "<group>";
		};
		FF8AACD2108D9FCB7D138C82 /* Pods */ = {
			isa = PBXGroup;
			children = (
				4AE9C7EC1ABC32C54C5D1D3E /* Pods-BarberShop.debug.xcconfig */,
				1A802E319F1370902A14CDC3 /* Pods-BarberShop.release.xcconfig */,
				76692779420A2DBCC20AFABE /* Pods-BarberShopTests.debug.xcconfig */,
				F731F8516AD73A8418FC5354 /* Pods-BarberShopTests.release.xcconfig */,
				DDA6D25F0E1162E9F5972145 /* Pods-BarberShopUITests.debug.xcconfig */,
				9B65B3954FB0D97315CAA41D /* Pods-BarberShopUITests.release.xcconfig */,
			);
			name = Pods;
			sourceTree = "<group>";
		};
/* End PBXGroup section */

/* Begin PBXNativeTarget section */
		50B30FED1EC1D6640032AAB9 /* BarberShop */ = {
			isa = PBXNativeTarget;
			buildConfigurationList = 50B310161EC1D6640032AAB9 /* Build configuration list for PBXNativeTarget "BarberShop" */;
			buildPhases = (
				00238097B79E1836491794E3 /* [CP] Check Pods Manifest.lock */,
				50B30FEA1EC1D6640032AAB9 /* Sources */,
				50B30FEB1EC1D6640032AAB9 /* Frameworks */,
				50B30FEC1EC1D6640032AAB9 /* Resources */,
				64EA2683AB500D1A4FE4B00A /* [CP] Embed Pods Frameworks */,
				11874F67EA498044C11B409A /* [CP] Copy Pods Resources */,
			);
			buildRules = (
			);
			dependencies = (
			);
			name = BarberShop;
			productName = BarberShop;
			productReference = 50B30FEE1EC1D6640032AAB9 /* BarberShop.app */;
			productType = "com.apple.product-type.application";
		};
		50B310011EC1D6640032AAB9 /* BarberShopTests */ = {
			isa = PBXNativeTarget;
			buildConfigurationList = 50B310191EC1D6640032AAB9 /* Build configuration list for PBXNativeTarget "BarberShopTests" */;
			buildPhases = (
				84C8D423566577C949A53982 /* [CP] Check Pods Manifest.lock */,
				50B30FFE1EC1D6640032AAB9 /* Sources */,
				50B30FFF1EC1D6640032AAB9 /* Frameworks */,
				50B310001EC1D6640032AAB9 /* Resources */,
				0AD86FE964DADDE91BE83539 /* [CP] Embed Pods Frameworks */,
				D9E97BEB751BC684B42EAE44 /* [CP] Copy Pods Resources */,
			);
			buildRules = (
			);
			dependencies = (
				50B310041EC1D6640032AAB9 /* PBXTargetDependency */,
			);
			name = BarberShopTests;
			productName = BarberShopTests;
			productReference = 50B310021EC1D6640032AAB9 /* BarberShopTests.xctest */;
			productType = "com.apple.product-type.bundle.unit-test";
		};
		50B3100C1EC1D6640032AAB9 /* BarberShopUITests */ = {
			isa = PBXNativeTarget;
			buildConfigurationList = 50B3101C1EC1D6640032AAB9 /* Build configuration list for PBXNativeTarget "BarberShopUITests" */;
			buildPhases = (
				C222F9297915CD535AD581F8 /* [CP] Check Pods Manifest.lock */,
				50B310091EC1D6640032AAB9 /* Sources */,
				50B3100A1EC1D6640032AAB9 /* Frameworks */,
				50B3100B1EC1D6640032AAB9 /* Resources */,
				32E7F343B06F0ECC70D2E351 /* [CP] Embed Pods Frameworks */,
				BDA78BFEAF48289449C856E8 /* [CP] Copy Pods Resources */,
			);
			buildRules = (
			);
			dependencies = (
				50B3100F1EC1D6640032AAB9 /* PBXTargetDependency */,
			);
			name = BarberShopUITests;
			productName = BarberShopUITests;
			productReference = 50B3100D1EC1D6640032AAB9 /* BarberShopUITests.xctest */;
			productType = "com.apple.product-type.bundle.ui-testing";
		};
/* End PBXNativeTarget section */

/* Begin PBXProject section */
		50B30FE61EC1D6640032AAB9 /* Project object */ = {
			isa = PBXProject;
			attributes = {
				LastSwiftUpdateCheck = 0830;
				LastUpgradeCheck = 0830;
				ORGANIZATIONNAME = "Maxime Ravau";
				TargetAttributes = {
					50B30FED1EC1D6640032AAB9 = {
						CreatedOnToolsVersion = 8.3.2;
						DevelopmentTeam = TV7MS89DG8;
						ProvisioningStyle = Automatic;
						SystemCapabilities = {
							com.apple.Maps.iOS = {
								enabled = 1;
							};
						};
					};
					50B310011EC1D6640032AAB9 = {
						CreatedOnToolsVersion = 8.3.2;
						DevelopmentTeam = TV7MS89DG8;
						ProvisioningStyle = Automatic;
						TestTargetID = 50B30FED1EC1D6640032AAB9;
					};
					50B3100C1EC1D6640032AAB9 = {
						CreatedOnToolsVersion = 8.3.2;
						DevelopmentTeam = TV7MS89DG8;
						ProvisioningStyle = Automatic;
						TestTargetID = 50B30FED1EC1D6640032AAB9;
					};
				};
			};
			buildConfigurationList = 50B30FE91EC1D6640032AAB9 /* Build configuration list for PBXProject "BarberShop" */;
			compatibilityVersion = "Xcode 3.2";
			developmentRegion = English;
			hasScannedForEncodings = 0;
			knownRegions = (
				en,
				Base,
			);
			mainGroup = 50B30FE51EC1D6640032AAB9;
			productRefGroup = 50B30FEF1EC1D6640032AAB9 /* Products */;
			projectDirPath = "";
			projectRoot = "";
			targets = (
				50B30FED1EC1D6640032AAB9 /* BarberShop */,
				50B310011EC1D6640032AAB9 /* BarberShopTests */,
				50B3100C1EC1D6640032AAB9 /* BarberShopUITests */,
			);
		};
/* End PBXProject section */

/* Begin PBXResourcesBuildPhase section */
		50B30FEC1EC1D6640032AAB9 /* Resources */ = {
			isa = PBXResourcesBuildPhase;
			buildActionMask = 2147483647;
			files = (
				50B30FFC1EC1D6640032AAB9 /* LaunchScreen.storyboard in Resources */,
				50B30FF91EC1D6640032AAB9 /* Assets.xcassets in Resources */,
				50B30FF71EC1D6640032AAB9 /* Main.storyboard in Resources */,
			);
			runOnlyForDeploymentPostprocessing = 0;
		};
		50B310001EC1D6640032AAB9 /* Resources */ = {
			isa = PBXResourcesBuildPhase;
			buildActionMask = 2147483647;
			files = (
			);
			runOnlyForDeploymentPostprocessing = 0;
		};
		50B3100B1EC1D6640032AAB9 /* Resources */ = {
			isa = PBXResourcesBuildPhase;
			buildActionMask = 2147483647;
			files = (
			);
			runOnlyForDeploymentPostprocessing = 0;
		};
/* End PBXResourcesBuildPhase section */

/* Begin PBXShellScriptBuildPhase section */
		00238097B79E1836491794E3 /* [CP] Check Pods Manifest.lock */ = {
			isa = PBXShellScriptBuildPhase;
			buildActionMask = 2147483647;
			files = (
			);
			inputPaths = (
			);
			name = "[CP] Check Pods Manifest.lock";
			outputPaths = (
			);
			runOnlyForDeploymentPostprocessing = 0;
			shellPath = /bin/sh;
			shellScript = "diff \"${PODS_ROOT}/../Podfile.lock\" \"${PODS_ROOT}/Manifest.lock\" > /dev/null\nif [ $? != 0 ] ; then\n    # print error to STDERR\n    echo \"error: The sandbox is not in sync with the Podfile.lock. Run 'pod install' or update your CocoaPods installation.\" >&2\n    exit 1\nfi\n";
			showEnvVarsInLog = 0;
		};
		0AD86FE964DADDE91BE83539 /* [CP] Embed Pods Frameworks */ = {
			isa = PBXShellScriptBuildPhase;
			buildActionMask = 2147483647;
			files = (
			);
			inputPaths = (
			);
			name = "[CP] Embed Pods Frameworks";
			outputPaths = (
			);
			runOnlyForDeploymentPostprocessing = 0;
			shellPath = /bin/sh;
			shellScript = "\"${SRCROOT}/Pods/Target Support Files/Pods-BarberShopTests/Pods-BarberShopTests-frameworks.sh\"\n";
			showEnvVarsInLog = 0;
		};
		11874F67EA498044C11B409A /* [CP] Copy Pods Resources */ = {
			isa = PBXShellScriptBuildPhase;
			buildActionMask = 2147483647;
			files = (
			);
			inputPaths = (
			);
			name = "[CP] Copy Pods Resources";
			outputPaths = (
			);
			runOnlyForDeploymentPostprocessing = 0;
			shellPath = /bin/sh;
			shellScript = "\"${SRCROOT}/Pods/Target Support Files/Pods-BarberShop/Pods-BarberShop-resources.sh\"\n";
			showEnvVarsInLog = 0;
		};
		32E7F343B06F0ECC70D2E351 /* [CP] Embed Pods Frameworks */ = {
			isa = PBXShellScriptBuildPhase;
			buildActionMask = 2147483647;
			files = (
			);
			inputPaths = (
			);
			name = "[CP] Embed Pods Frameworks";
			outputPaths = (
			);
			runOnlyForDeploymentPostprocessing = 0;
			shellPath = /bin/sh;
			shellScript = "\"${SRCROOT}/Pods/Target Support Files/Pods-BarberShopUITests/Pods-BarberShopUITests-frameworks.sh\"\n";
			showEnvVarsInLog = 0;
		};
		64EA2683AB500D1A4FE4B00A /* [CP] Embed Pods Frameworks */ = {
			isa = PBXShellScriptBuildPhase;
			buildActionMask = 2147483647;
			files = (
			);
			inputPaths = (
			);
			name = "[CP] Embed Pods Frameworks";
			outputPaths = (
			);
			runOnlyForDeploymentPostprocessing = 0;
			shellPath = /bin/sh;
			shellScript = "\"${SRCROOT}/Pods/Target Support Files/Pods-BarberShop/Pods-BarberShop-frameworks.sh\"\n";
			showEnvVarsInLog = 0;
		};
		84C8D423566577C949A53982 /* [CP] Check Pods Manifest.lock */ = {
			isa = PBXShellScriptBuildPhase;
			buildActionMask = 2147483647;
			files = (
			);
			inputPaths = (
			);
			name = "[CP] Check Pods Manifest.lock";
			outputPaths = (
			);
			runOnlyForDeploymentPostprocessing = 0;
			shellPath = /bin/sh;
			shellScript = "diff \"${PODS_ROOT}/../Podfile.lock\" \"${PODS_ROOT}/Manifest.lock\" > /dev/null\nif [ $? != 0 ] ; then\n    # print error to STDERR\n    echo \"error: The sandbox is not in sync with the Podfile.lock. Run 'pod install' or update your CocoaPods installation.\" >&2\n    exit 1\nfi\n";
			showEnvVarsInLog = 0;
		};
		BDA78BFEAF48289449C856E8 /* [CP] Copy Pods Resources */ = {
			isa = PBXShellScriptBuildPhase;
			buildActionMask = 2147483647;
			files = (
			);
			inputPaths = (
			);
			name = "[CP] Copy Pods Resources";
			outputPaths = (
			);
			runOnlyForDeploymentPostprocessing = 0;
			shellPath = /bin/sh;
			shellScript = "\"${SRCROOT}/Pods/Target Support Files/Pods-BarberShopUITests/Pods-BarberShopUITests-resources.sh\"\n";
			showEnvVarsInLog = 0;
		};
		C222F9297915CD535AD581F8 /* [CP] Check Pods Manifest.lock */ = {
			isa = PBXShellScriptBuildPhase;
			buildActionMask = 2147483647;
			files = (
			);
			inputPaths = (
			);
			name = "[CP] Check Pods Manifest.lock";
			outputPaths = (
			);
			runOnlyForDeploymentPostprocessing = 0;
			shellPath = /bin/sh;
			shellScript = "diff \"${PODS_ROOT}/../Podfile.lock\" \"${PODS_ROOT}/Manifest.lock\" > /dev/null\nif [ $? != 0 ] ; then\n    # print error to STDERR\n    echo \"error: The sandbox is not in sync with the Podfile.lock. Run 'pod install' or update your CocoaPods installation.\" >&2\n    exit 1\nfi\n";
			showEnvVarsInLog = 0;
		};
		D9E97BEB751BC684B42EAE44 /* [CP] Copy Pods Resources */ = {
			isa = PBXShellScriptBuildPhase;
			buildActionMask = 2147483647;
			files = (
			);
			inputPaths = (
			);
			name = "[CP] Copy Pods Resources";
			outputPaths = (
			);
			runOnlyForDeploymentPostprocessing = 0;
			shellPath = /bin/sh;
			shellScript = "\"${SRCROOT}/Pods/Target Support Files/Pods-BarberShopTests/Pods-BarberShopTests-resources.sh\"\n";
			showEnvVarsInLog = 0;
		};
/* End PBXShellScriptBuildPhase section */

/* Begin PBXSourcesBuildPhase section */
		50B30FEA1EC1D6640032AAB9 /* Sources */ = {
			isa = PBXSourcesBuildPhase;
			buildActionMask = 2147483647;
			files = (
				50B30FF41EC1D6640032AAB9 /* ViewController.swift in Sources */,
				508E76701EE6E2E800C5CC3D /* ViewControllerPrestation.swift in Sources */,
				50B310221EC206480032AAB9 /* PinAnnotation.swift in Sources */,
				50B30FF21EC1D6640032AAB9 /* AppDelegate.swift in Sources */,
				508E766D1EE6DD3F00C5CC3D /* BWWalkthroughPageViewController.swift in Sources */,
				50B310241EC217050032AAB9 /* ViewControllerHome.swift in Sources */,
				508E766E1EE6DD3F00C5CC3D /* BWWalkthroughViewController.swift in Sources */,
				50DD1CB61ED9ACA500C30B3C /* TableViewControllerNav.swift in Sources */,
			);
			runOnlyForDeploymentPostprocessing = 0;
		};
		50B30FFE1EC1D6640032AAB9 /* Sources */ = {
			isa = PBXSourcesBuildPhase;
			buildActionMask = 2147483647;
			files = (
				50B310071EC1D6640032AAB9 /* BarberShopTests.swift in Sources */,
			);
			runOnlyForDeploymentPostprocessing = 0;
		};
		50B310091EC1D6640032AAB9 /* Sources */ = {
			isa = PBXSourcesBuildPhase;
			buildActionMask = 2147483647;
			files = (
				50B310121EC1D6640032AAB9 /* BarberShopUITests.swift in Sources */,
			);
			runOnlyForDeploymentPostprocessing = 0;
		};
/* End PBXSourcesBuildPhase section */

/* Begin PBXTargetDependency section */
		50B310041EC1D6640032AAB9 /* PBXTargetDependency */ = {
			isa = PBXTargetDependency;
			target = 50B30FED1EC1D6640032AAB9 /* BarberShop */;
			targetProxy = 50B310031EC1D6640032AAB9 /* PBXContainerItemProxy */;
		};
		50B3100F1EC1D6640032AAB9 /* PBXTargetDependency */ = {
			isa = PBXTargetDependency;
			target = 50B30FED1EC1D6640032AAB9 /* BarberShop */;
			targetProxy = 50B3100E1EC1D6640032AAB9 /* PBXContainerItemProxy */;
		};
/* End PBXTargetDependency section */

/* Begin PBXVariantGroup section */
		50B30FF51EC1D6640032AAB9 /* Main.storyboard */ = {
			isa = PBXVariantGroup;
			children = (
				50B30FF61EC1D6640032AAB9 /* Base */,
			);
			name = Main.storyboard;
			sourceTree = "<group>";
		};
		50B30FFA1EC1D6640032AAB9 /* LaunchScreen.storyboard */ = {
			isa = PBXVariantGroup;
			children = (
				50B30FFB1EC1D6640032AAB9 /* Base */,
			);
			name = LaunchScreen.storyboard;
			sourceTree = "<group>";
		};
/* End PBXVariantGroup section */

/* Begin XCBuildConfiguration section */
		50B310141EC1D6640032AAB9 /* Debug */ = {
			isa = XCBuildConfiguration;
			buildSettings = {
				ALWAYS_SEARCH_USER_PATHS = NO;
				CLANG_ANALYZER_NONNULL = YES;
				CLANG_ANALYZER_NUMBER_OBJECT_CONVERSION = YES_AGGRESSIVE;
				CLANG_CXX_LANGUAGE_STANDARD = "gnu++0x";
				CLANG_CXX_LIBRARY = "libc++";
				CLANG_ENABLE_MODULES = YES;
				CLANG_ENABLE_OBJC_ARC = YES;
				CLANG_WARN_BOOL_CONVERSION = YES;
				CLANG_WARN_CONSTANT_CONVERSION = YES;
				CLANG_WARN_DIRECT_OBJC_ISA_USAGE = YES_ERROR;
				CLANG_WARN_DOCUMENTATION_COMMENTS = YES;
				CLANG_WARN_EMPTY_BODY = YES;
				CLANG_WARN_ENUM_CONVERSION = YES;
				CLANG_WARN_INFINITE_RECURSION = YES;
				CLANG_WARN_INT_CONVERSION = YES;
				CLANG_WARN_OBJC_ROOT_CLASS = YES_ERROR;
				CLANG_WARN_SUSPICIOUS_MOVE = YES;
				CLANG_WARN_UNREACHABLE_CODE = YES;
				CLANG_WARN__DUPLICATE_METHOD_MATCH = YES;
				"CODE_SIGN_IDENTITY[sdk=iphoneos*]" = "iPhone Developer";
				COPY_PHASE_STRIP = NO;
				DEBUG_INFORMATION_FORMAT = dwarf;
				ENABLE_STRICT_OBJC_MSGSEND = YES;
				ENABLE_TESTABILITY = YES;
				GCC_C_LANGUAGE_STANDARD = gnu99;
				GCC_DYNAMIC_NO_PIC = NO;
				GCC_NO_COMMON_BLOCKS = YES;
				GCC_OPTIMIZATION_LEVEL = 0;
				GCC_PREPROCESSOR_DEFINITIONS = (
					"DEBUG=1",
					"$(inherited)",
				);
				GCC_WARN_64_TO_32_BIT_CONVERSION = YES;
				GCC_WARN_ABOUT_RETURN_TYPE = YES_ERROR;
				GCC_WARN_UNDECLARED_SELECTOR = YES;
				GCC_WARN_UNINITIALIZED_AUTOS = YES_AGGRESSIVE;
				GCC_WARN_UNUSED_FUNCTION = YES;
				GCC_WARN_UNUSED_VARIABLE = YES;
				IPHONEOS_DEPLOYMENT_TARGET = 10.3;
				MTL_ENABLE_DEBUG_INFO = YES;
				ONLY_ACTIVE_ARCH = YES;
				SDKROOT = iphoneos;
				SWIFT_ACTIVE_COMPILATION_CONDITIONS = DEBUG;
				SWIFT_OPTIMIZATION_LEVEL = "-Onone";
			};
			name = Debug;
		};
		50B310151EC1D6640032AAB9 /* Release */ = {
			isa = XCBuildConfiguration;
			buildSettings = {
				ALWAYS_SEARCH_USER_PATHS = NO;
				CLANG_ANALYZER_NONNULL = YES;
				CLANG_ANALYZER_NUMBER_OBJECT_CONVERSION = YES_AGGRESSIVE;
				CLANG_CXX_LANGUAGE_STANDARD = "gnu++0x";
				CLANG_CXX_LIBRARY = "libc++";
				CLANG_ENABLE_MODULES = YES;
				CLANG_ENABLE_OBJC_ARC = YES;
				CLANG_WARN_BOOL_CONVERSION = YES;
				CLANG_WARN_CONSTANT_CONVERSION = YES;
				CLANG_WARN_DIRECT_OBJC_ISA_USAGE = YES_ERROR;
				CLANG_WARN_DOCUMENTATION_COMMENTS = YES;
				CLANG_WARN_EMPTY_BODY = YES;
				CLANG_WARN_ENUM_CONVERSION = YES;
				CLANG_WARN_INFINITE_RECURSION = YES;
				CLANG_WARN_INT_CONVERSION = YES;
				CLANG_WARN_OBJC_ROOT_CLASS = YES_ERROR;
				CLANG_WARN_SUSPICIOUS_MOVE = YES;
				CLANG_WARN_UNREACHABLE_CODE = YES;
				CLANG_WARN__DUPLICATE_METHOD_MATCH = YES;
				"CODE_SIGN_IDENTITY[sdk=iphoneos*]" = "iPhone Developer";
				COPY_PHASE_STRIP = NO;
				DEBUG_INFORMATION_FORMAT = "dwarf-with-dsym";
				ENABLE_NS_ASSERTIONS = NO;
				ENABLE_STRICT_OBJC_MSGSEND = YES;
				GCC_C_LANGUAGE_STANDARD = gnu99;
				GCC_NO_COMMON_BLOCKS = YES;
				GCC_WARN_64_TO_32_BIT_CONVERSION = YES;
				GCC_WARN_ABOUT_RETURN_TYPE = YES_ERROR;
				GCC_WARN_UNDECLARED_SELECTOR = YES;
				GCC_WARN_UNINITIALIZED_AUTOS = YES_AGGRESSIVE;
				GCC_WARN_UNUSED_FUNCTION = YES;
				GCC_WARN_UNUSED_VARIABLE = YES;
				IPHONEOS_DEPLOYMENT_TARGET = 10.3;
				MTL_ENABLE_DEBUG_INFO = NO;
				SDKROOT = iphoneos;
				SWIFT_OPTIMIZATION_LEVEL = "-Owholemodule";
				VALIDATE_PRODUCT = YES;
			};
			name = Release;
		};
		50B310171EC1D6640032AAB9 /* Debug */ = {
			isa = XCBuildConfiguration;
			baseConfigurationReference = 4AE9C7EC1ABC32C54C5D1D3E /* Pods-BarberShop.debug.xcconfig */;
			buildSettings = {
				ASSETCATALOG_COMPILER_APPICON_NAME = AppIcon2;
				DEVELOPMENT_TEAM = TV7MS89DG8;
				INFOPLIST_FILE = BarberShop/Info.plist;
				LD_RUNPATH_SEARCH_PATHS = "$(inherited) @executable_path/Frameworks";
				PRODUCT_BUNDLE_IDENTIFIER = "Maxime-Ravau.BarberShop";
				PRODUCT_NAME = "$(TARGET_NAME)";
				SWIFT_VERSION = 3.0;
			};
			name = Debug;
		};
		50B310181EC1D6640032AAB9 /* Release */ = {
			isa = XCBuildConfiguration;
			baseConfigurationReference = 1A802E319F1370902A14CDC3 /* Pods-BarberShop.release.xcconfig */;
			buildSettings = {
				ASSETCATALOG_COMPILER_APPICON_NAME = AppIcon2;
				DEVELOPMENT_TEAM = TV7MS89DG8;
				INFOPLIST_FILE = BarberShop/Info.plist;
				LD_RUNPATH_SEARCH_PATHS = "$(inherited) @executable_path/Frameworks";
				PRODUCT_BUNDLE_IDENTIFIER = "Maxime-Ravau.BarberShop";
				PRODUCT_NAME = "$(TARGET_NAME)";
				SWIFT_VERSION = 3.0;
			};
			name = Release;
		};
		50B3101A1EC1D6640032AAB9 /* Debug */ = {
			isa = XCBuildConfiguration;
			baseConfigurationReference = 76692779420A2DBCC20AFABE /* Pods-BarberShopTests.debug.xcconfig */;
			buildSettings = {
				ALWAYS_EMBED_SWIFT_STANDARD_LIBRARIES = YES;
				BUNDLE_LOADER = "$(TEST_HOST)";
				DEVELOPMENT_TEAM = TV7MS89DG8;
				INFOPLIST_FILE = BarberShopTests/Info.plist;
				LD_RUNPATH_SEARCH_PATHS = "$(inherited) @executable_path/Frameworks @loader_path/Frameworks";
				PRODUCT_BUNDLE_IDENTIFIER = "Maxime-Ravau.BarberShopTests";
				PRODUCT_NAME = "$(TARGET_NAME)";
				SWIFT_VERSION = 3.0;
				TEST_HOST = "$(BUILT_PRODUCTS_DIR)/BarberShop.app/BarberShop";
			};
			name = Debug;
		};
		50B3101B1EC1D6640032AAB9 /* Release */ = {
			isa = XCBuildConfiguration;
			baseConfigurationReference = F731F8516AD73A8418FC5354 /* Pods-BarberShopTests.release.xcconfig */;
			buildSettings = {
				ALWAYS_EMBED_SWIFT_STANDARD_LIBRARIES = YES;
				BUNDLE_LOADER = "$(TEST_HOST)";
				DEVELOPMENT_TEAM = TV7MS89DG8;
				INFOPLIST_FILE = BarberShopTests/Info.plist;
				LD_RUNPATH_SEARCH_PATHS = "$(inherited) @executable_path/Frameworks @loader_path/Frameworks";
				PRODUCT_BUNDLE_IDENTIFIER = "Maxime-Ravau.BarberShopTests";
				PRODUCT_NAME = "$(TARGET_NAME)";
				SWIFT_VERSION = 3.0;
				TEST_HOST = "$(BUILT_PRODUCTS_DIR)/BarberShop.app/BarberShop";
			};
			name = Release;
		};
		50B3101D1EC1D6640032AAB9 /* Debug */ = {
			isa = XCBuildConfiguration;
			baseConfigurationReference = DDA6D25F0E1162E9F5972145 /* Pods-BarberShopUITests.debug.xcconfig */;
			buildSettings = {
				ALWAYS_EMBED_SWIFT_STANDARD_LIBRARIES = YES;
				DEVELOPMENT_TEAM = TV7MS89DG8;
				INFOPLIST_FILE = BarberShopUITests/Info.plist;
				LD_RUNPATH_SEARCH_PATHS = "$(inherited) @executable_path/Frameworks @loader_path/Frameworks";
				PRODUCT_BUNDLE_IDENTIFIER = "Maxime-Ravau.BarberShopUITests";
				PRODUCT_NAME = "$(TARGET_NAME)";
				SWIFT_VERSION = 3.0;
				TEST_TARGET_NAME = BarberShop;
			};
			name = Debug;
		};
		50B3101E1EC1D6640032AAB9 /* Release */ = {
			isa = XCBuildConfiguration;
			baseConfigurationReference = 9B65B3954FB0D97315CAA41D /* Pods-BarberShopUITests.release.xcconfig */;
			buildSettings = {
				ALWAYS_EMBED_SWIFT_STANDARD_LIBRARIES = YES;
				DEVELOPMENT_TEAM = TV7MS89DG8;
				INFOPLIST_FILE = BarberShopUITests/Info.plist;
				LD_RUNPATH_SEARCH_PATHS = "$(inherited) @executable_path/Frameworks @loader_path/Frameworks";
				PRODUCT_BUNDLE_IDENTIFIER = "Maxime-Ravau.BarberShopUITests";
				PRODUCT_NAME = "$(TARGET_NAME)";
				SWIFT_VERSION = 3.0;
				TEST_TARGET_NAME = BarberShop;
			};
			name = Release;
		};
/* End XCBuildConfiguration section */

/* Begin XCConfigurationList section */
		50B30FE91EC1D6640032AAB9 /* Build configuration list for PBXProject "BarberShop" */ = {
			isa = XCConfigurationList;
			buildConfigurations = (
				50B310141EC1D6640032AAB9 /* Debug */,
				50B310151EC1D6640032AAB9 /* Release */,
			);
			defaultConfigurationIsVisible = 0;
			defaultConfigurationName = Release;
		};
		50B310161EC1D6640032AAB9 /* Build configuration list for PBXNativeTarget "BarberShop" */ = {
			isa = XCConfigurationList;
			buildConfigurations = (
				50B310171EC1D6640032AAB9 /* Debug */,
				50B310181EC1D6640032AAB9 /* Release */,
			);
			defaultConfigurationIsVisible = 0;
			defaultConfigurationName = Release;
		};
		50B310191EC1D6640032AAB9 /* Build configuration list for PBXNativeTarget "BarberShopTests" */ = {
			isa = XCConfigurationList;
			buildConfigurations = (
				50B3101A1EC1D6640032AAB9 /* Debug */,
				50B3101B1EC1D6640032AAB9 /* Release */,
			);
			defaultConfigurationIsVisible = 0;
			defaultConfigurationName = Release;
		};
		50B3101C1EC1D6640032AAB9 /* Build configuration list for PBXNativeTarget "BarberShopUITests" */ = {
			isa = XCConfigurationList;
			buildConfigurations = (
				50B3101D1EC1D6640032AAB9 /* Debug */,
				50B3101E1EC1D6640032AAB9 /* Release */,
			);
			defaultConfigurationIsVisible = 0;
			defaultConfigurationName = Release;
		};
/* End XCConfigurationList section */
	};
	rootObject = 50B30FE61EC1D6640032AAB9 /* Project object */;
}
